
Microsoft Visual Studio Solution File, Format Version 12.00
# Visual Studio Version 17
VisualStudioVersion = 17.7.34221.43
MinimumVisualStudioVersion = 10.0.40219.1
Project("{FAE04EC0-301F-11D3-BF4B-00C04F79EFBC}") = "DBConnector", "DBConnector.csproj", "{0929684F-77C0-4A6B-A513-E6CE139C0B6F}"
EndProject
Global
	GlobalSection(SolutionConfigurationPlatforms) = preSolution
		Debug|Any CPU = Debug|Any CPU
		Release|Any CPU = Release|Any CPU
	EndGlobalSection
	GlobalSection(ProjectConfigurationPlatforms) = postSolution
		{0929684F-77C0-4A6B-A513-E6CE139C0B6F}.Debug|Any CPU.ActiveCfg = Debug|Any CPU
		{0929684F-77C0-4A6B-A513-E6CE139C0B6F}.Debug|Any CPU.Build.0 = Debug|Any CPU
		{0929684F-77C0-4A6B-A513-E6CE139C0B6F}.Release|Any CPU.ActiveCfg = Release|Any CPU
		{0929684F-77C0-4A6B-A513-E6CE139C0B6F}.Release|Any CPU.Build.0 = Release|Any CPU
	EndGlobalSection
	GlobalSection(SolutionProperties) = preSolution
		HideSolutionNode = FALSE
	EndGlobalSection
	GlobalSection(ExtensibilityGlobals) = postSolution
		SolutionGuid = {E7E64DDF-5529-454B-8388-07F6EC747BA2}
	EndGlobalSection
EndGlobal
